
Microsoft Visual Studio Solution File, Format Version 12.00
# Visual Studio Version 16
VisualStudioVersion = 16.0.30717.126
MinimumVisualStudioVersion = 10.0.40219.1
Project("{FAE04EC0-301F-11D3-BF4B-00C04F79EFBC}") = "connectingDatabase", "connectingDatabase.csproj", "{A85478FA-89F6-43B3-9991-081A4DCDD222}"
EndProject
Global
	GlobalSection(SolutionConfigurationPlatforms) = preSolution
		Debug|Any CPU = Debug|Any CPU
		Release|Any CPU = Release|Any CPU
	EndGlobalSection
	GlobalSection(ProjectConfigurationPlatforms) = postSolution
		{A85478FA-89F6-43B3-9991-081A4DCDD222}.Debug|Any CPU.ActiveCfg = Debug|Any CPU
		{A85478FA-89F6-43B3-9991-081A4DCDD222}.Debug|Any CPU.Build.0 = Debug|Any CPU
		{A85478FA-89F6-43B3-9991-081A4DCDD222}.Release|Any CPU.ActiveCfg = Release|Any CPU
		{A85478FA-89F6-43B3-9991-081A4DCDD222}.Release|Any CPU.Build.0 = Release|Any CPU
	EndGlobalSection
	GlobalSection(SolutionProperties) = preSolution
		HideSolutionNode = FALSE
	EndGlobalSection
	GlobalSection(ExtensibilityGlobals) = postSolution
		SolutionGuid = {0A4DCD55-D1D4-4EA4-AC07-C852A2D20F0C}
	EndGlobalSection
EndGlobal
